
Microsoft Visual Studio Solution File, Format Version 12.00
# Visual Studio 15
Project("{FAE04EC0-301F-11D3-BF4B-00C04F79EFBC}") = "beCreativeProjIsem551", "beCreativeProjIsem551\beCreativeProjIsem551.csproj", "{511BCD49-A783-4F63-B26E-591B1387536F}"
EndProject
Global
	GlobalSection(SolutionConfigurationPlatforms) = preSolution
		Debug|Any CPU = Debug|Any CPU
		Release|Any CPU = Release|Any CPU
	EndGlobalSection
	GlobalSection(ProjectConfigurationPlatforms) = postSolution
		{511BCD49-A783-4F63-B26E-591B1387536F}.Debug|Any CPU.ActiveCfg = Debug|Any CPU
		{511BCD49-A783-4F63-B26E-591B1387536F}.Debug|Any CPU.Build.0 = Debug|Any CPU
		{511BCD49-A783-4F63-B26E-591B1387536F}.Release|Any CPU.ActiveCfg = Release|Any CPU
		{511BCD49-A783-4F63-B26E-591B1387536F}.Release|Any CPU.Build.0 = Release|Any CPU
	EndGlobalSection
EndGlobal
